
Microsoft Visual Studio Solution File, Format Version 12.00
# Visual Studio 15
VisualStudioVersion = 15.0.28307.757
MinimumVisualStudioVersion = 10.0.40219.1
Project("{FAE04EC0-301F-11D3-BF4B-00C04F79EFBC}") = "FactoryMethod", "FactoryMethod\FactoryMethod.csproj", "{A78E5D7B-FDD6-4B26-A196-64F2293C0292}"
EndProject
Global
	GlobalSection(SolutionConfigurationPlatforms) = preSolution
		Debug|Any CPU = Debug|Any CPU
		Release|Any CPU = Release|Any CPU
	EndGlobalSection
	GlobalSection(ProjectConfigurationPlatforms) = postSolution
		{A78E5D7B-FDD6-4B26-A196-64F2293C0292}.Debug|Any CPU.ActiveCfg = Debug|Any CPU
		{A78E5D7B-FDD6-4B26-A196-64F2293C0292}.Debug|Any CPU.Build.0 = Debug|Any CPU
		{A78E5D7B-FDD6-4B26-A196-64F2293C0292}.Release|Any CPU.ActiveCfg = Release|Any CPU
		{A78E5D7B-FDD6-4B26-A196-64F2293C0292}.Release|Any CPU.Build.0 = Release|Any CPU
	EndGlobalSection
	GlobalSection(SolutionProperties) = preSolution
		HideSolutionNode = FALSE
	EndGlobalSection
	GlobalSection(ExtensibilityGlobals) = postSolution
		SolutionGuid = {09175C8B-297B-40E8-8088-16A44B125E66}
	EndGlobalSection
EndGlobal
