
Microsoft Visual Studio Solution File, Format Version 12.00
# Visual Studio 15
VisualStudioVersion = 15.0.28307.757
MinimumVisualStudioVersion = 10.0.40219.1
Project("{FAE04EC0-301F-11D3-BF4B-00C04F79EFBC}") = "Strategy", "163301060_Odev5\Strategy.csproj", "{BE3F6F1F-91E3-4F08-B558-B5B6A1036B6F}"
EndProject
Project("{FAE04EC0-301F-11D3-BF4B-00C04F79EFBC}") = "Template", "State\Template.csproj", "{A9C264E3-AE02-47F4-85EA-8C8EA7B7205F}"
EndProject
Project("{FAE04EC0-301F-11D3-BF4B-00C04F79EFBC}") = "StatePattern", "..\..\..\Downloads\StateSample\2009_8_StatePattern\StatePattern\StatePattern\StatePattern.csproj", "{22350D02-D19D-4F2F-904F-801B75CD79C6}"
EndProject
Global
	GlobalSection(SolutionConfigurationPlatforms) = preSolution
		Debug|Any CPU = Debug|Any CPU
		Release|Any CPU = Release|Any CPU
	EndGlobalSection
	GlobalSection(ProjectConfigurationPlatforms) = postSolution
		{BE3F6F1F-91E3-4F08-B558-B5B6A1036B6F}.Debug|Any CPU.ActiveCfg = Debug|Any CPU
		{BE3F6F1F-91E3-4F08-B558-B5B6A1036B6F}.Debug|Any CPU.Build.0 = Debug|Any CPU
		{BE3F6F1F-91E3-4F08-B558-B5B6A1036B6F}.Release|Any CPU.ActiveCfg = Release|Any CPU
		{BE3F6F1F-91E3-4F08-B558-B5B6A1036B6F}.Release|Any CPU.Build.0 = Release|Any CPU
		{A9C264E3-AE02-47F4-85EA-8C8EA7B7205F}.Debug|Any CPU.ActiveCfg = Debug|Any CPU
		{A9C264E3-AE02-47F4-85EA-8C8EA7B7205F}.Debug|Any CPU.Build.0 = Debug|Any CPU
		{A9C264E3-AE02-47F4-85EA-8C8EA7B7205F}.Release|Any CPU.ActiveCfg = Release|Any CPU
		{A9C264E3-AE02-47F4-85EA-8C8EA7B7205F}.Release|Any CPU.Build.0 = Release|Any CPU
		{22350D02-D19D-4F2F-904F-801B75CD79C6}.Debug|Any CPU.ActiveCfg = Debug|Any CPU
		{22350D02-D19D-4F2F-904F-801B75CD79C6}.Debug|Any CPU.Build.0 = Debug|Any CPU
		{22350D02-D19D-4F2F-904F-801B75CD79C6}.Release|Any CPU.ActiveCfg = Release|Any CPU
		{22350D02-D19D-4F2F-904F-801B75CD79C6}.Release|Any CPU.Build.0 = Release|Any CPU
	EndGlobalSection
	GlobalSection(SolutionProperties) = preSolution
		HideSolutionNode = FALSE
	EndGlobalSection
	GlobalSection(ExtensibilityGlobals) = postSolution
		SolutionGuid = {874470F5-D5A1-4A18-9A27-29BFF2D46E5B}
	EndGlobalSection
EndGlobal
